
Microsoft Visual Studio Solution File, Format Version 12.00
# Visual Studio Version 17
VisualStudioVersion = 17.11.35312.102
MinimumVisualStudioVersion = 10.0.40219.1
Project("{FAE04EC0-301F-11D3-BF4B-00C04F79EFBC}") = "CW_13", "CW_13\CW_13.csproj", "{6776F7BF-32FC-4E4D-870E-471F481F6FAD}"
EndProject
Global
	GlobalSection(SolutionConfigurationPlatforms) = preSolution
		Debug|Any CPU = Debug|Any CPU
		Release|Any CPU = Release|Any CPU
	EndGlobalSection
	GlobalSection(ProjectConfigurationPlatforms) = postSolution
		{6776F7BF-32FC-4E4D-870E-471F481F6FAD}.Debug|Any CPU.ActiveCfg = Debug|Any CPU
		{6776F7BF-32FC-4E4D-870E-471F481F6FAD}.Debug|Any CPU.Build.0 = Debug|Any CPU
		{6776F7BF-32FC-4E4D-870E-471F481F6FAD}.Release|Any CPU.ActiveCfg = Release|Any CPU
		{6776F7BF-32FC-4E4D-870E-471F481F6FAD}.Release|Any CPU.Build.0 = Release|Any CPU
	EndGlobalSection
	GlobalSection(SolutionProperties) = preSolution
		HideSolutionNode = FALSE
	EndGlobalSection
	GlobalSection(ExtensibilityGlobals) = postSolution
		SolutionGuid = {55E9568D-18E5-4E62-AECA-BFACB40ACFB4}
	EndGlobalSection
EndGlobal
